
Microsoft Visual Studio Solution File, Format Version 12.00
# Visual Studio Version 17
VisualStudioVersion = 17.1.32328.378
MinimumVisualStudioVersion = 10.0.40219.1
Project("{FAE04EC0-301F-11D3-BF4B-00C04F79EFBC}") = "Trackingapi", "Trackingapi\Trackingapi.csproj", "{B3D717DB-FDF1-438F-95EA-014242308EE5}"
EndProject
Project("{FAE04EC0-301F-11D3-BF4B-00C04F79EFBC}") = "Tracking.client", "Tracking.client\Tracking.client.csproj", "{9084DC3B-97C7-4800-A79F-80C9B2AD0D29}"
EndProject
Global
	GlobalSection(SolutionConfigurationPlatforms) = preSolution
		Debug|Any CPU = Debug|Any CPU
		Release|Any CPU = Release|Any CPU
	EndGlobalSection
	GlobalSection(ProjectConfigurationPlatforms) = postSolution
		{B3D717DB-FDF1-438F-95EA-014242308EE5}.Debug|Any CPU.ActiveCfg = Debug|Any CPU
		{B3D717DB-FDF1-438F-95EA-014242308EE5}.Debug|Any CPU.Build.0 = Debug|Any CPU
		{B3D717DB-FDF1-438F-95EA-014242308EE5}.Release|Any CPU.ActiveCfg = Release|Any CPU
		{B3D717DB-FDF1-438F-95EA-014242308EE5}.Release|Any CPU.Build.0 = Release|Any CPU
		{9084DC3B-97C7-4800-A79F-80C9B2AD0D29}.Debug|Any CPU.ActiveCfg = Debug|Any CPU
		{9084DC3B-97C7-4800-A79F-80C9B2AD0D29}.Debug|Any CPU.Build.0 = Debug|Any CPU
		{9084DC3B-97C7-4800-A79F-80C9B2AD0D29}.Release|Any CPU.ActiveCfg = Release|Any CPU
		{9084DC3B-97C7-4800-A79F-80C9B2AD0D29}.Release|Any CPU.Build.0 = Release|Any CPU
	EndGlobalSection
	GlobalSection(SolutionProperties) = preSolution
		HideSolutionNode = FALSE
	EndGlobalSection
	GlobalSection(ExtensibilityGlobals) = postSolution
		SolutionGuid = {19DF8871-F549-424B-A350-F05E70146C60}
	EndGlobalSection
EndGlobal
